// !$*UTF8*$!
{
	archiveVersion = 1;
	classes = {
	};
	objectVersion = 50;
	objects = {

/* Begin PBXBuildFile section */
		A517F3B622301A860084B2C5 /* main.swift in Sources */ = {isa = PBXBuildFile; fileRef = A517F3B522301A860084B2C5 /* main.swift */; };
		A517F3BE22301AA60084B2C5 /* IsOddPuzzle.swift in Sources */ = {isa = PBXBuildFile; fileRef = A517F3BD22301AA60084B2C5 /* IsOddPuzzle.swift */; };
		A517F3C122301C130084B2C5 /* TimeForAChange.swift in Sources */ = {isa = PBXBuildFile; fileRef = A517F3C022301C130084B2C5 /* TimeForAChange.swift */; };
		A517F3C422301E330084B2C5 /* LongDivision.swift in Sources */ = {isa = PBXBuildFile; fileRef = A517F3C322301E330084B2C5 /* LongDivision.swift */; };
		A517F3C722301FEC0084B2C5 /* Elementary.swift in Sources */ = {isa = PBXBuildFile; fileRef = A517F3C622301FEC0084B2C5 /* Elementary.swift */; };
		A517F3CA223021300084B2C5 /* HexJoy.swift in Sources */ = {isa = PBXBuildFile; fileRef = A517F3C9223021300084B2C5 /* HexJoy.swift */; };
		A517F3CD223023680084B2C5 /* Multicast.swift in Sources */ = {isa = PBXBuildFile; fileRef = A517F3CC223023680084B2C5 /* Multicast.swift */; };
		A517F3D02230256B0084B2C5 /* DosEquis.swift in Sources */ = {isa = PBXBuildFile; fileRef = A517F3CF2230256B0084B2C5 /* DosEquis.swift */; };
/* End PBXBuildFile section */

/* Begin PBXCopyFilesBuildPhase section */
		A517F3B022301A860084B2C5 /* CopyFiles */ = {
			isa = PBXCopyFilesBuildPhase;
			buildActionMask = 2147483647;
			dstPath = /usr/share/man/man1/;
			dstSubfolderSpec = 0;
			files = (
			);
			runOnlyForDeploymentPostprocessing = 1;
		};
/* End PBXCopyFilesBuildPhase section */

/* Begin PBXFileReference section */
		A517F3B222301A860084B2C5 /* SwiftPuzzlers */ = {isa = PBXFileReference; explicitFileType = "compiled.mach-o.executable"; includeInIndex = 0; path = SwiftPuzzlers; sourceTree = BUILT_PRODUCTS_DIR; };
		A517F3B522301A860084B2C5 /* main.swift */ = {isa = PBXFileReference; lastKnownFileType = sourcecode.swift; path = main.swift; sourceTree = "<group>"; };
		A517F3BD22301AA60084B2C5 /* IsOddPuzzle.swift */ = {isa = PBXFileReference; lastKnownFileType = sourcecode.swift; path = IsOddPuzzle.swift; sourceTree = "<group>"; };
		A517F3C022301C130084B2C5 /* TimeForAChange.swift */ = {isa = PBXFileReference; lastKnownFileType = sourcecode.swift; path = TimeForAChange.swift; sourceTree = "<group>"; };
		A517F3C322301E330084B2C5 /* LongDivision.swift */ = {isa = PBXFileReference; lastKnownFileType = sourcecode.swift; path = LongDivision.swift; sourceTree = "<group>"; };
		A517F3C622301FEC0084B2C5 /* Elementary.swift */ = {isa = PBXFileReference; lastKnownFileType = sourcecode.swift; path = Elementary.swift; sourceTree = "<group>"; };
		A517F3C9223021300084B2C5 /* HexJoy.swift */ = {isa = PBXFileReference; lastKnownFileType = sourcecode.swift; path = HexJoy.swift; sourceTree = "<group>"; };
		A517F3CC223023680084B2C5 /* Multicast.swift */ = {isa = PBXFileReference; lastKnownFileType = sourcecode.swift; path = Multicast.swift; sourceTree = "<group>"; };
		A517F3CF2230256B0084B2C5 /* DosEquis.swift */ = {isa = PBXFileReference; lastKnownFileType = sourcecode.swift; path = DosEquis.swift; sourceTree = "<group>"; };
/* End PBXFileReference section */

/* Begin PBXFrameworksBuildPhase section */
		A517F3AF22301A860084B2C5 /* Frameworks */ = {
			isa = PBXFrameworksBuildPhase;
			buildActionMask = 2147483647;
			files = (
			);
			runOnlyForDeploymentPostprocessing = 0;
		};
/* End PBXFrameworksBuildPhase section */

/* Begin PBXGroup section */
		A517F3A922301A860084B2C5 = {
			isa = PBXGroup;
			children = (
				A517F3B422301A860084B2C5 /* SwiftPuzzlers */,
				A517F3B322301A860084B2C5 /* Products */,
			);
			sourceTree = "<group>";
		};
		A517F3B322301A860084B2C5 /* Products */ = {
			isa = PBXGroup;
			children = (
				A517F3B222301A860084B2C5 /* SwiftPuzzlers */,
			);
			name = Products;
			sourceTree = "<group>";
		};
		A517F3B422301A860084B2C5 /* SwiftPuzzlers */ = {
			isa = PBXGroup;
			children = (
				A517F3BC22301A920084B2C5 /* 1_IsOdd */,
				A517F3BF22301BFC0084B2C5 /* 2_TimeForAChange */,
				A517F3C222301E0F0084B2C5 /* 3_LongDivision */,
				A517F3C522301FD80084B2C5 /* 4_Elementary */,
				A517F3C8223020F80084B2C5 /* 5_HexJoy */,
				A517F3CB223023560084B2C5 /* 6_Multicast */,
				A517F3CE223025500084B2C5 /* 8_DosEquis */,
				A517F3B522301A860084B2C5 /* main.swift */,
			);
			path = SwiftPuzzlers;
			sourceTree = "<group>";
		};
		A517F3BC22301A920084B2C5 /* 1_IsOdd */ = {
			isa = PBXGroup;
			children = (
				A517F3BD22301AA60084B2C5 /* IsOddPuzzle.swift */,
			);
			path = 1_IsOdd;
			sourceTree = "<group>";
		};
		A517F3BF22301BFC0084B2C5 /* 2_TimeForAChange */ = {
			isa = PBXGroup;
			children = (
				A517F3C022301C130084B2C5 /* TimeForAChange.swift */,
			);
			path = 2_TimeForAChange;
			sourceTree = "<group>";
		};
		A517F3C222301E0F0084B2C5 /* 3_LongDivision */ = {
			isa = PBXGroup;
			children = (
				A517F3C322301E330084B2C5 /* LongDivision.swift */,
			);
			path = 3_LongDivision;
			sourceTree = "<group>";
		};
		A517F3C522301FD80084B2C5 /* 4_Elementary */ = {
			isa = PBXGroup;
			children = (
				A517F3C622301FEC0084B2C5 /* Elementary.swift */,
			);
			path = 4_Elementary;
			sourceTree = "<group>";
		};
		A517F3C8223020F80084B2C5 /* 5_HexJoy */ = {
			isa = PBXGroup;
			children = (
				A517F3C9223021300084B2C5 /* HexJoy.swift */,
			);
			path = 5_HexJoy;
			sourceTree = "<group>";
		};
		A517F3CB223023560084B2C5 /* 6_Multicast */ = {
			isa = PBXGroup;
			children = (
				A517F3CC223023680084B2C5 /* Multicast.swift */,
			);
			path = 6_Multicast;
			sourceTree = "<group>";
		};
		A517F3CE223025500084B2C5 /* 8_DosEquis */ = {
			isa = PBXGroup;
			children = (
				A517F3CF2230256B0084B2C5 /* DosEquis.swift */,
			);
			path = 8_DosEquis;
			sourceTree = "<group>";
		};
/* End PBXGroup section */

/* Begin PBXNativeTarget section */
		A517F3B122301A860084B2C5 /* SwiftPuzzlers */ = {
			isa = PBXNativeTarget;
			buildConfigurationList = A517F3B922301A860084B2C5 /* Build configuration list for PBXNativeTarget "SwiftPuzzlers" */;
			buildPhases = (
				A517F3AE22301A860084B2C5 /* Sources */,
				A517F3AF22301A860084B2C5 /* Frameworks */,
				A517F3B022301A860084B2C5 /* CopyFiles */,
			);
			buildRules = (
			);
			dependencies = (
			);
			name = SwiftPuzzlers;
			productName = SwiftPuzzlers;
			productReference = A517F3B222301A860084B2C5 /* SwiftPuzzlers */;
			productType = "com.apple.product-type.tool";
		};
/* End PBXNativeTarget section */

/* Begin PBXProject section */
		A517F3AA22301A860084B2C5 /* Project object */ = {
			isa = PBXProject;
			attributes = {
				LastSwiftUpdateCheck = 1010;
				LastUpgradeCheck = 1010;
				ORGANIZATIONNAME = sergey;
				TargetAttributes = {
					A517F3B122301A860084B2C5 = {
						CreatedOnToolsVersion = 10.1;
					};
				};
			};
			buildConfigurationList = A517F3AD22301A860084B2C5 /* Build configuration list for PBXProject "SwiftPuzzlers" */;
			compatibilityVersion = "Xcode 9.3";
			developmentRegion = en;
			hasScannedForEncodings = 0;
			knownRegions = (
				en,
			);
			mainGroup = A517F3A922301A860084B2C5;
			productRefGroup = A517F3B322301A860084B2C5 /* Products */;
			projectDirPath = "";
			projectRoot = "";
			targets = (
				A517F3B122301A860084B2C5 /* SwiftPuzzlers */,
			);
		};
/* End PBXProject section */

/* Begin PBXSourcesBuildPhase section */
		A517F3AE22301A860084B2C5 /* Sources */ = {
			isa = PBXSourcesBuildPhase;
			buildActionMask = 2147483647;
			files = (
				A517F3C122301C130084B2C5 /* TimeForAChange.swift in Sources */,
				A517F3C722301FEC0084B2C5 /* Elementary.swift in Sources */,
				A517F3CD223023680084B2C5 /* Multicast.swift in Sources */,
				A517F3B622301A860084B2C5 /* main.swift in Sources */,
				A517F3C422301E330084B2C5 /* LongDivision.swift in Sources */,
				A517F3CA223021300084B2C5 /* HexJoy.swift in Sources */,
				A517F3D02230256B0084B2C5 /* DosEquis.swift in Sources */,
				A517F3BE22301AA60084B2C5 /* IsOddPuzzle.swift in Sources */,
			);
			runOnlyForDeploymentPostprocessing = 0;
		};
/* End PBXSourcesBuildPhase section */

/* Begin XCBuildConfiguration section */
		A517F3B722301A860084B2C5 /* Debug */ = {
			isa = XCBuildConfiguration;
			buildSettings = {
				ALWAYS_SEARCH_USER_PATHS = NO;
				CLANG_ANALYZER_NONNULL = YES;
				CLANG_ANALYZER_NUMBER_OBJECT_CONVERSION = YES_AGGRESSIVE;
				CLANG_CXX_LANGUAGE_STANDARD = "gnu++14";
				CLANG_CXX_LIBRARY = "libc++";
				CLANG_ENABLE_MODULES = YES;
				CLANG_ENABLE_OBJC_ARC = YES;
				CLANG_ENABLE_OBJC_WEAK = YES;
				CLANG_WARN_BLOCK_CAPTURE_AUTORELEASING = YES;
				CLANG_WARN_BOOL_CONVERSION = YES;
				CLANG_WARN_COMMA = YES;
				CLANG_WARN_CONSTANT_CONVERSION = YES;
				CLANG_WARN_DEPRECATED_OBJC_IMPLEMENTATIONS = YES;
				CLANG_WARN_DIRECT_OBJC_ISA_USAGE = YES_ERROR;
				CLANG_WARN_DOCUMENTATION_COMMENTS = YES;
				CLANG_WARN_EMPTY_BODY = YES;
				CLANG_WARN_ENUM_CONVERSION = YES;
				CLANG_WARN_INFINITE_RECURSION = YES;
				CLANG_WARN_INT_CONVERSION = YES;
				CLANG_WARN_NON_LITERAL_NULL_CONVERSION = YES;
				CLANG_WARN_OBJC_IMPLICIT_RETAIN_SELF = YES;
				CLANG_WARN_OBJC_LITERAL_CONVERSION = YES;
				CLANG_WARN_OBJC_ROOT_CLASS = YES_ERROR;
				CLANG_WARN_RANGE_LOOP_ANALYSIS = YES;
				CLANG_WARN_STRICT_PROTOTYPES = YES;
				CLANG_WARN_SUSPICIOUS_MOVE = YES;
				CLANG_WARN_UNGUARDED_AVAILABILITY = YES_AGGRESSIVE;
				CLANG_WARN_UNREACHABLE_CODE = YES;
				CLANG_WARN__DUPLICATE_METHOD_MATCH = YES;
				CODE_SIGN_IDENTITY = "-";
				COPY_PHASE_STRIP = NO;
				DEBUG_INFORMATION_FORMAT = dwarf;
				ENABLE_STRICT_OBJC_MSGSEND = YES;
				ENABLE_TESTABILITY = YES;
				GCC_C_LANGUAGE_STANDARD = gnu11;
				GCC_DYNAMIC_NO_PIC = NO;
				GCC_NO_COMMON_BLOCKS = YES;
				GCC_OPTIMIZATION_LEVEL = 0;
				GCC_PREPROCESSOR_DEFINITIONS = (
					"DEBUG=1",
					"$(inherited)",
				);
				GCC_WARN_64_TO_32_BIT_CONVERSION = YES;
				GCC_WARN_ABOUT_RETURN_TYPE = YES_ERROR;
				GCC_WARN_UNDECLARED_SELECTOR = YES;
				GCC_WARN_UNINITIALIZED_AUTOS = YES_AGGRESSIVE;
				GCC_WARN_UNUSED_FUNCTION = YES;
				GCC_WARN_UNUSED_VARIABLE = YES;
				MACOSX_DEPLOYMENT_TARGET = 10.14;
				MTL_ENABLE_DEBUG_INFO = INCLUDE_SOURCE;
				MTL_FAST_MATH = YES;
				ONLY_ACTIVE_ARCH = YES;
				SDKROOT = macosx;
				SWIFT_ACTIVE_COMPILATION_CONDITIONS = DEBUG;
				SWIFT_OPTIMIZATION_LEVEL = "-Onone";
			};
			name = Debug;
		};
		A517F3B822301A860084B2C5 /* Release */ = {
			isa = XCBuildConfiguration;
			buildSettings = {
				ALWAYS_SEARCH_USER_PATHS = NO;
				CLANG_ANALYZER_NONNULL = YES;
				CLANG_ANALYZER_NUMBER_OBJECT_CONVERSION = YES_AGGRESSIVE;
				CLANG_CXX_LANGUAGE_STANDARD = "gnu++14";
				CLANG_CXX_LIBRARY = "libc++";
				CLANG_ENABLE_MODULES = YES;
				CLANG_ENABLE_OBJC_ARC = YES;
				CLANG_ENABLE_OBJC_WEAK = YES;
				CLANG_WARN_BLOCK_CAPTURE_AUTORELEASING = YES;
				CLANG_WARN_BOOL_CONVERSION = YES;
				CLANG_WARN_COMMA = YES;
				CLANG_WARN_CONSTANT_CONVERSION = YES;
				CLANG_WARN_DEPRECATED_OBJC_IMPLEMENTATIONS = YES;
				CLANG_WARN_DIRECT_OBJC_ISA_USAGE = YES_ERROR;
				CLANG_WARN_DOCUMENTATION_COMMENTS = YES;
				CLANG_WARN_EMPTY_BODY = YES;
				CLANG_WARN_ENUM_CONVERSION = YES;
				CLANG_WARN_INFINITE_RECURSION = YES;
				CLANG_WARN_INT_CONVERSION = YES;
				CLANG_WARN_NON_LITERAL_NULL_CONVERSION = YES;
				CLANG_WARN_OBJC_IMPLICIT_RETAIN_SELF = YES;
				CLANG_WARN_OBJC_LITERAL_CONVERSION = YES;
				CLANG_WARN_OBJC_ROOT_CLASS = YES_ERROR;
				CLANG_WARN_RANGE_LOOP_ANALYSIS = YES;
				CLANG_WARN_STRICT_PROTOTYPES = YES;
				CLANG_WARN_SUSPICIOUS_MOVE = YES;
				CLANG_WARN_UNGUARDED_AVAILABILITY = YES_AGGRESSIVE;
				CLANG_WARN_UNREACHABLE_CODE = YES;
				CLANG_WARN__DUPLICATE_METHOD_MATCH = YES;
				CODE_SIGN_IDENTITY = "-";
				COPY_PHASE_STRIP = NO;
				DEBUG_INFORMATION_FORMAT = "dwarf-with-dsym";
				ENABLE_NS_ASSERTIONS = NO;
				ENABLE_STRICT_OBJC_MSGSEND = YES;
				GCC_C_LANGUAGE_STANDARD = gnu11;
				GCC_NO_COMMON_BLOCKS = YES;
				GCC_WARN_64_TO_32_BIT_CONVERSION = YES;
				GCC_WARN_ABOUT_RETURN_TYPE = YES_ERROR;
				GCC_WARN_UNDECLARED_SELECTOR = YES;
				GCC_WARN_UNINITIALIZED_AUTOS = YES_AGGRESSIVE;
				GCC_WARN_UNUSED_FUNCTION = YES;
				GCC_WARN_UNUSED_VARIABLE = YES;
				MACOSX_DEPLOYMENT_TARGET = 10.14;
				MTL_ENABLE_DEBUG_INFO = NO;
				MTL_FAST_MATH = YES;
				SDKROOT = macosx;
				SWIFT_COMPILATION_MODE = wholemodule;
				SWIFT_OPTIMIZATION_LEVEL = "-O";
			};
			name = Release;
		};
		A517F3BA22301A860084B2C5 /* Debug */ = {
			isa = XCBuildConfiguration;
			buildSettings = {
				CODE_SIGN_STYLE = Automatic;
				PRODUCT_NAME = "$(TARGET_NAME)";
				SWIFT_VERSION = 4.2;
			};
			name = Debug;
		};
		A517F3BB22301A860084B2C5 /* Release */ = {
			isa = XCBuildConfiguration;
			buildSettings = {
				CODE_SIGN_STYLE = Automatic;
				PRODUCT_NAME = "$(TARGET_NAME)";
				SWIFT_VERSION = 4.2;
			};
			name = Release;
		};
/* End XCBuildConfiguration section */

/* Begin XCConfigurationList section */
		A517F3AD22301A860084B2C5 /* Build configuration list for PBXProject "SwiftPuzzlers" */ = {
			isa = XCConfigurationList;
			buildConfigurations = (
				A517F3B722301A860084B2C5 /* Debug */,
				A517F3B822301A860084B2C5 /* Release */,
			);
			defaultConfigurationIsVisible = 0;
			defaultConfigurationName = Release;
		};
		A517F3B922301A860084B2C5 /* Build configuration list for PBXNativeTarget "SwiftPuzzlers" */ = {
			isa = XCConfigurationList;
			buildConfigurations = (
				A517F3BA22301A860084B2C5 /* Debug */,
				A517F3BB22301A860084B2C5 /* Release */,
			);
			defaultConfigurationIsVisible = 0;
			defaultConfigurationName = Release;
		};
/* End XCConfigurationList section */
	};
	rootObject = A517F3AA22301A860084B2C5 /* Project object */;
}
